
Microsoft Visual Studio Solution File, Format Version 12.00
# Visual Studio 15
VisualStudioVersion = 15.0.28010.2046
MinimumVisualStudioVersion = 10.0.40219.1
Project("{FAE04EC0-301F-11D3-BF4B-00C04F79EFBC}") = "MasterDetailSample", "MasterDetailSample.csproj", "{9E5E0E94-7CE6-4EE8-9399-DC8A800578DC}"
EndProject
Project("{54435603-DBB4-11D2-8724-00A0C9A8B90C}") = "AutoGenTools", "Install_Project\AutoGenTools\AutoGenTools.vdproj", "{67FBF488-6408-4383-B820-07ED81705B0E}"
EndProject
Global
	GlobalSection(SolutionConfigurationPlatforms) = preSolution
		Debug|Any CPU = Debug|Any CPU
		Debug|x64 = Debug|x64
		Debug|x86 = Debug|x86
		Release|Any CPU = Release|Any CPU
		Release|x64 = Release|x64
		Release|x86 = Release|x86
	EndGlobalSection
	GlobalSection(ProjectConfigurationPlatforms) = postSolution
		{9E5E0E94-7CE6-4EE8-9399-DC8A800578DC}.Debug|Any CPU.ActiveCfg = Debug|Any CPU
		{9E5E0E94-7CE6-4EE8-9399-DC8A800578DC}.Debug|Any CPU.Build.0 = Debug|Any CPU
		{9E5E0E94-7CE6-4EE8-9399-DC8A800578DC}.Debug|x64.ActiveCfg = Debug|x64
		{9E5E0E94-7CE6-4EE8-9399-DC8A800578DC}.Debug|x64.Build.0 = Debug|x64
		{9E5E0E94-7CE6-4EE8-9399-DC8A800578DC}.Debug|x86.ActiveCfg = Debug|x86
		{9E5E0E94-7CE6-4EE8-9399-DC8A800578DC}.Debug|x86.Build.0 = Debug|x86
		{9E5E0E94-7CE6-4EE8-9399-DC8A800578DC}.Release|Any CPU.ActiveCfg = Release|Any CPU
		{9E5E0E94-7CE6-4EE8-9399-DC8A800578DC}.Release|x64.ActiveCfg = Release|Any CPU
		{9E5E0E94-7CE6-4EE8-9399-DC8A800578DC}.Release|x64.Build.0 = Release|Any CPU
		{9E5E0E94-7CE6-4EE8-9399-DC8A800578DC}.Release|x86.ActiveCfg = Release|x86
		{9E5E0E94-7CE6-4EE8-9399-DC8A800578DC}.Release|x86.Build.0 = Release|x86
		{67FBF488-6408-4383-B820-07ED81705B0E}.Debug|Any CPU.ActiveCfg = Debug
		{67FBF488-6408-4383-B820-07ED81705B0E}.Debug|x64.ActiveCfg = Debug
		{67FBF488-6408-4383-B820-07ED81705B0E}.Debug|x86.ActiveCfg = Debug
		{67FBF488-6408-4383-B820-07ED81705B0E}.Release|Any CPU.ActiveCfg = Release
		{67FBF488-6408-4383-B820-07ED81705B0E}.Release|x64.ActiveCfg = Release
		{67FBF488-6408-4383-B820-07ED81705B0E}.Release|x86.ActiveCfg = Release
	EndGlobalSection
	GlobalSection(SolutionProperties) = preSolution
		HideSolutionNode = FALSE
	EndGlobalSection
	GlobalSection(ExtensibilityGlobals) = postSolution
		SolutionGuid = {E4663170-6355-417A-B324-3A13238D02C4}
	EndGlobalSection
EndGlobal
